{
  "name": "workers",
  "lockfileVersion": 3,
  "requires": true,
  "packages": {
    "": {
      "devDependencies": {
        "miniflare": "3.20250718.0"
      }
    },
    "node_modules/@cloudflare/workerd-darwin-64": {
      "version": "1.20250718.0",
      "resolved": "https://registry.npmjs.org/@cloudflare/workerd-darwin-64/-/workerd-darwin-64-1.20250718.0.tgz",
      "integrity": "sha512-FHf4t7zbVN8yyXgQ/r/GqLPaYZSGUVzeR7RnL28Mwj2djyw2ZergvytVc7fdGcczl6PQh+VKGfZCfUqpJlbi9g==",
      "cpu": [
        "x64"
      ],
      "dev": true,
      "license": "Apache-2.0",
      "optional": true,
      "os": [
        "darwin"
      ],
      "engines": {
        "node": ">=16"
      }
    },
    "node_modules/@cloudflare/workerd-darwin-arm64": {
      "version": "1.20250718.0",
      "resolved": "https://registry.npmjs.org/@cloudflare/workerd-darwin-arm64/-/workerd-darwin-arm64-1.20250718.0.tgz",
      "integrity": "sha512-fUiyUJYyqqp4NqJ0YgGtp4WJh/II/YZsUnEb6vVy5Oeas8lUOxnN+ZOJ8N/6/5LQCVAtYCChRiIrBbfhTn5Z8Q==",
      "cpu": [
        "arm64"
      ],
      "dev": true,
      "license": "Apache-2.0",
      "optional": true,
      "os": [
        "darwin"
      ],
      "engines": {
        "node": ">=16"
      }
    },
    "node_modules/@cloudflare/workerd-linux-64": {
      "version": "1.20250718.0",
      "resolved": "https://registry.npmjs.org/@cloudflare/workerd-linux-64/-/workerd-linux-64-1.20250718.0.tgz",
      "integrity": "sha512-5+eb3rtJMiEwp08Kryqzzu8d1rUcK+gdE442auo5eniMpT170Dz0QxBrqkg2Z48SFUPYbj+6uknuA5tzdRSUSg==",
      "cpu": [
        "x64"
      ],
      "dev": true,
      "license": "Apache-2.0",
      "optional": true,
      "os": [
        "linux"
      ],
      "engines": {
        "node": ">=16"
      }
    },
    "node_modules/@cloudflare/workerd-linux-arm64": {
      "version": "1.20250718.0",
      "resolved": "https://registry.npmjs.org/@cloudflare/workerd-linux-arm64/-/workerd-linux-arm64-1.20250718.0.tgz",
      "integrity": "sha512-Aa2M/DVBEBQDdATMbn217zCSFKE+ud/teS+fFS+OQqKABLn0azO2qq6ANAHYOIE6Q3Sq4CxDIQr8lGdaJHwUog==",
      "cpu": [
        "arm64"
      ],
      "dev": true,
      "license": "Apache-2.0",
      "optional": true,
      "os": [
        "linux"
      ],
      "engines": {
        "node": ">=16"
      }
    },
    "node_modules/@cloudflare/workerd-windows-64": {
      "version": "1.20250718.0",
      "resolved": "https://registry.npmjs.org/@cloudflare/workerd-windows-64/-/workerd-windows-64-1.20250718.0.tgz",
      "integrity": "sha512-dY16RXKffmugnc67LTbyjdDHZn5NoTF1yHEf2fN4+OaOnoGSp3N1x77QubTDwqZ9zECWxgQfDLjddcH8dWeFhg==",
      "cpu": [
        "x64"
      ],
      "dev": true,
      "license": "Apache-2.0",
      "optional": true,
      "os": [
        "win32"
      ],
      "engines": {
        "node": ">=16"
      }
    },
    "node_modules/@cspotcode/source-map-support": {
      "version": "0.8.1",
      "resolved": "https://registry.npmjs.org/@cspotcode/source-map-support/-/source-map-support-0.8.1.tgz",
      "integrity": "sha512-IchNf6dN4tHoMFIn/7OE8LWZ19Y6q/67Bmf6vnGREv8RSbBVb9LPJxEcnwrcwX6ixSvaiGoomAUvu4YSxXrVgw==",
      "dev": true,
      "license": "MIT",
      "dependencies": {
        "@jridgewell/trace-mapping": "0.3.9"
      },
      "engines": {
        "node": ">=12"
      }
    },
    "node_modules/@fastify/busboy": {
      "version": "2.1.1",
      "resolved": "https://registry.npmjs.org/@fastify/busboy/-/busboy-2.1.1.tgz",
      "integrity": "sha512-vBZP4NlzfOlerQTnba4aqZoMhE/a9HY7HRqoOPaETQcSQuWEIyZMHGfVu6w9wGtGK5fED5qRs2DteVCjOH60sA==",
      "dev": true,
      "license": "MIT",
      "engines": {
        "node": ">=14"
      }
    },
    "node_modules/@jridgewell/resolve-uri": {
      "version": "3.1.2",
      "resolved": "https://registry.npmjs.org/@jridgewell/resolve-uri/-/resolve-uri-3.1.2.tgz",
      "integrity": "sha512-bRISgCIjP20/tbWSPWMEi54QVPRZExkuD9lJL+UIxUKtwVJA8wW1Trb1jMs1RFXo1CBTNZ/5hpC9QvmKWdopKw==",
      "dev": true,
      "license": "MIT",
      "engines": {
        "node": ">=6.0.0"
      }
    },
    "node_modules/@jridgewell/sourcemap-codec": {
      "version": "1.5.5",
      "resolved": "https://registry.npmjs.org/@jridgewell/sourcemap-codec/-/sourcemap-codec-1.5.5.tgz",
      "integrity": "sha512-cYQ9310grqxueWbl+WuIUIaiUaDcj7WOq5fVhEljNVgRfOUhY9fy2zTvfoqWsnebh8Sl70VScFbICvJnLKB0Og==",
      "dev": true,
      "license": "MIT"
    },
    "node_modules/@jridgewell/trace-mapping": {
      "version": "0.3.9",
      "resolved": "https://registry.npmjs.org/@jridgewell/trace-mapping/-/trace-mapping-0.3.9.tgz",
      "integrity": "sha512-3Belt6tdc8bPgAtbcmdtNJlirVoTmEb5e2gC94PnkwEW9jI6CAHUeoG85tjWP5WquqfavoMtMwiG4P926ZKKuQ==",
      "dev": true,
      "license": "MIT",
      "dependencies": {
        "@jridgewell/resolve-uri": "^3.0.3",
        "@jridgewell/sourcemap-codec": "^1.4.10"
      }
    },
    "node_modules/acorn": {
      "version": "8.14.0",
      "resolved": "https://registry.npmjs.org/acorn/-/acorn-8.14.0.tgz",
      "integrity": "sha512-cl669nCJTZBsL97OF4kUQm5g5hC2uihk0NxY3WENAC0TYdILVkAyHymAntgxGkl7K+t0cXIrH5siy5S4XkFycA==",
      "dev": true,
      "license": "MIT",
      "bin": {
        "acorn": "bin/acorn"
      },
      "engines": {
        "node": ">=0.4.0"
      }
    },
    "node_modules/acorn-walk": {
      "version": "8.3.2",
      "resolved": "https://registry.npmjs.org/acorn-walk/-/acorn-walk-8.3.2.tgz",
      "integrity": "sha512-cjkyv4OtNCIeqhHrfS81QWXoCBPExR/J62oyEqepVw8WaQeSqpW2uhuLPh1m9eWhDuOo/jUXVTlifvesOWp/4A==",
      "dev": true,
      "license": "MIT",
      "engines": {
        "node": ">=0.4.0"
      }
    },
    "node_modules/as-table": {
      "version": "1.0.55",
      "resolved": "https://registry.npmjs.org/as-table/-/as-table-1.0.55.tgz",
      "integrity": "sha512-xvsWESUJn0JN421Xb9MQw6AsMHRCUknCe0Wjlxvjud80mU4E6hQf1A6NzQKcYNmYw62MfzEtXc+badstZP3JpQ==",
      "dev": true,
      "license": "MIT",
      "dependencies": {
        "printable-characters": "^1.0.42"
      }
    },
    "node_modules/cookie": {
      "version": "0.7.2",
      "resolved": "https://registry.npmjs.org/cookie/-/cookie-0.7.2.tgz",
      "integrity": "sha512-yki5XnKuf750l50uGTllt6kKILY4nQ1eNIQatoXEByZ5dWgnKqbnqmTrBE5B4N7lrMJKQ2ytWMiTO2o0v6Ew/w==",
      "dev": true,
      "license": "MIT",
      "engines": {
        "node": ">= 0.6"
      }
    },
    "node_modules/data-uri-to-buffer": {
      "version": "2.0.2",
      "resolved": "https://registry.npmjs.org/data-uri-to-buffer/-/data-uri-to-buffer-2.0.2.tgz",
      "integrity": "sha512-ND9qDTLc6diwj+Xe5cdAgVTbLVdXbtxTJRXRhli8Mowuaan+0EJOtdqJ0QCHNSSPyoXGx9HX2/VMnKeC34AChA==",
      "dev": true,
      "license": "MIT"
    },
    "node_modules/exit-hook": {
      "version": "2.2.1",
      "resolved": "https://registry.npmjs.org/exit-hook/-/exit-hook-2.2.1.tgz",
      "integrity": "sha512-eNTPlAD67BmP31LDINZ3U7HSF8l57TxOY2PmBJ1shpCvpnxBF93mWCE8YHBnXs8qiUZJc9WDcWIeC3a2HIAMfw==",
      "dev": true,
      "license": "MIT",
      "engines": {
        "node": ">=6"
      },
      "funding": {
        "url": "https://github.com/sponsors/sindresorhus"
      }
    },
    "node_modules/get-source": {
      "version": "2.0.12",
      "resolved": "https://registry.npmjs.org/get-source/-/get-source-2.0.12.tgz",
      "integrity": "sha512-X5+4+iD+HoSeEED+uwrQ07BOQr0kEDFMVqqpBuI+RaZBpBpHCuXxo70bjar6f0b0u/DQJsJ7ssurpP0V60Az+w==",
      "dev": true,
      "license": "Unlicense",
      "dependencies": {
        "data-uri-to-buffer": "^2.0.0",
        "source-map": "^0.6.1"
      }
    },
    "node_modules/glob-to-regexp": {
      "version": "0.4.1",
      "resolved": "https://registry.npmjs.org/glob-to-regexp/-/glob-to-regexp-0.4.1.tgz",
      "integrity": "sha512-lkX1HJXwyMcprw/5YUZc2s7DrpAiHB21/V+E1rHUrVNokkvB6bqMzT0VfV6/86ZNabt1k14YOIaT7nDvOX3Iiw==",
      "dev": true,
      "license": "BSD-2-Clause"
    },
    "node_modules/miniflare": {
      "version": "3.20250718.0",
      "resolved": "https://registry.npmjs.org/miniflare/-/miniflare-3.20250718.0.tgz",
      "integrity": "sha512-PlSVKw4k4EDO2JUwW0INtwCDi3BIdHQOeFM3BfV9zU90fwuRJFBhqvbIZdDibEnXHX1cFmSpxzYhPEUyDEACMQ==",
      "dev": true,
      "license": "MIT",
      "dependencies": {
        "@cspotcode/source-map-support": "0.8.1",
        "acorn": "8.14.0",
        "acorn-walk": "8.3.2",
        "exit-hook": "2.2.1",
        "glob-to-regexp": "0.4.1",
        "stoppable": "1.1.0",
        "undici": "^5.28.5",
        "workerd": "1.20250718.0",
        "ws": "8.18.0",
        "youch": "3.3.4",
        "zod": "3.22.3"
      },
      "bin": {
        "miniflare": "bootstrap.js"
      },
      "engines": {
        "node": ">=16.13"
      }
    },
    "node_modules/mustache": {
      "version": "4.2.0",
      "resolved": "https://registry.npmjs.org/mustache/-/mustache-4.2.0.tgz",
      "integrity": "sha512-71ippSywq5Yb7/tVYyGbkBggbU8H3u5Rz56fH60jGFgr8uHwxs+aSKeqmluIVzM0m0kB7xQjKS6qPfd0b2ZoqQ==",
      "dev": true,
      "license": "MIT",
      "bin": {
        "mustache": "bin/mustache"
      }
    },
    "node_modules/printable-characters": {
      "version": "1.0.42",
      "resolved": "https://registry.npmjs.org/printable-characters/-/printable-characters-1.0.42.tgz",
      "integrity": "sha512-dKp+C4iXWK4vVYZmYSd0KBH5F/h1HoZRsbJ82AVKRO3PEo8L4lBS/vLwhVtpwwuYcoIsVY+1JYKR268yn480uQ==",
      "dev": true,
      "license": "Unlicense"
    },
    "node_modules/source-map": {
      "version": "0.6.1",
      "resolved": "https://registry.npmjs.org/source-map/-/source-map-0.6.1.tgz",
      "integrity": "sha512-UjgapumWlbMhkBgzT7Ykc5YXUT46F0iKu8SGXq0bcwP5dz/h0Plj6enJqjz1Zbq2l5WaqYnrVbwWOWMyF3F47g==",
      "dev": true,
      "license": "BSD-3-Clause",
      "engines": {
        "node": ">=0.10.0"
      }
    },
    "node_modules/stacktracey": {
      "version": "2.2.0",
      "resolved": "https://registry.npmjs.org/stacktracey/-/stacktracey-2.2.0.tgz",
      "integrity": "sha512-ETyQEz+CzXiLjEbyJqpbp+/T79RQD/6wqFucRBIlVNZfYq2Ay7wbretD4cxpbymZlaPWx58aIhPEY1Cr8DlVvg==",
      "dev": true,
      "license": "Unlicense",
      "dependencies": {
        "as-table": "^1.0.36",
        "get-source": "^2.0.12"
      }
    },
    "node_modules/stoppable": {
      "version": "1.1.0",
      "resolved": "https://registry.npmjs.org/stoppable/-/stoppable-1.1.0.tgz",
      "integrity": "sha512-KXDYZ9dszj6bzvnEMRYvxgeTHU74QBFL54XKtP3nyMuJ81CFYtABZ3bAzL2EdFUaEwJOBOgENyFj3R7oTzDyyw==",
      "dev": true,
      "license": "MIT",
      "engines": {
        "node": ">=4",
        "npm": ">=6"
      }
    },
    "node_modules/undici": {
      "version": "5.29.0",
      "resolved": "https://registry.npmjs.org/undici/-/undici-5.29.0.tgz",
      "integrity": "sha512-raqeBD6NQK4SkWhQzeYKd1KmIG6dllBOTt55Rmkt4HtI9mwdWtJljnrXjAFUBLTSN67HWrOIZ3EPF4kjUw80Bg==",
      "dev": true,
      "license": "MIT",
      "dependencies": {
        "@fastify/busboy": "^2.0.0"
      },
      "engines": {
        "node": ">=14.0"
      }
    },
    "node_modules/workerd": {
      "version": "1.20250718.0",
      "resolved": "https://registry.npmjs.org/workerd/-/workerd-1.20250718.0.tgz",
      "integrity": "sha512-kqkIJP/eOfDlUyBzU7joBg+tl8aB25gEAGqDap+nFWb+WHhnooxjGHgxPBy3ipw2hnShPFNOQt5lFRxbwALirg==",
      "dev": true,
      "hasInstallScript": true,
      "license": "Apache-2.0",
      "bin": {
        "workerd": "bin/workerd"
      },
      "engines": {
        "node": ">=16"
      },
      "optionalDependencies": {
        "@cloudflare/workerd-darwin-64": "1.20250718.0",
        "@cloudflare/workerd-darwin-arm64": "1.20250718.0",
        "@cloudflare/workerd-linux-64": "1.20250718.0",
        "@cloudflare/workerd-linux-arm64": "1.20250718.0",
        "@cloudflare/workerd-windows-64": "1.20250718.0"
      }
    },
    "node_modules/ws": {
      "version": "8.18.0",
      "resolved": "https://registry.npmjs.org/ws/-/ws-8.18.0.tgz",
      "integrity": "sha512-8VbfWfHLbbwu3+N6OKsOMpBdT4kXPDDB9cJk2bJ6mh9ucxdlnNvH1e+roYkKmN9Nxw2yjz7VzeO9oOz2zJ04Pw==",
      "dev": true,
      "license": "MIT",
      "engines": {
        "node": ">=10.0.0"
      },
      "peerDependencies": {
        "bufferutil": "^4.0.1",
        "utf-8-validate": ">=5.0.2"
      },
      "peerDependenciesMeta": {
        "bufferutil": {
          "optional": true
        },
        "utf-8-validate": {
          "optional": true
        }
      }
    },
    "node_modules/youch": {
      "version": "3.3.4",
      "resolved": "https://registry.npmjs.org/youch/-/youch-3.3.4.tgz",
      "integrity": "sha512-UeVBXie8cA35DS6+nBkls68xaBBXCye0CNznrhszZjTbRVnJKQuNsyLKBTTL4ln1o1rh2PKtv35twV7irj5SEg==",
      "dev": true,
      "license": "MIT",
      "dependencies": {
        "cookie": "^0.7.1",
        "mustache": "^4.2.0",
        "stacktracey": "^2.1.8"
      }
    },
    "node_modules/zod": {
      "version": "3.22.3",
      "resolved": "https://registry.npmjs.org/zod/-/zod-3.22.3.tgz",
      "integrity": "sha512-EjIevzuJRiRPbVH4mGc8nApb/lVLKVpmUhAaR5R5doKGfAnGJ6Gr3CViAVjP+4FWSxCsybeWQdcgCtbX+7oZug==",
      "dev": true,
      "license": "MIT",
      "funding": {
        "url": "https://github.com/sponsors/colinhacks"
      }
    }
  }
}
